
Microsoft Visual Studio Solution File, Format Version 12.00
# Visual Studio Version 17
VisualStudioVersion = 17.12.35521.163 d17.12
MinimumVisualStudioVersion = 10.0.40219.1
Project("{FAE04EC0-301F-11D3-BF4B-00C04F79EFBC}") = "Ex01_01", "Ex01_01\Ex01_01.csproj", "{6E5FDCB4-A343-40AA-8616-9D9B0BB20B86}"
EndProject
Project("{FAE04EC0-301F-11D3-BF4B-00C04F79EFBC}") = "Ex01_02", "Ex01_02\Ex01_02.csproj", "{04A4042C-CB8F-47DC-9C8F-350EEDAAC91E}"
EndProject
Project("{FAE04EC0-301F-11D3-BF4B-00C04F79EFBC}") = "Ex01_03", "Ex01_03\Ex01_03.csproj", "{5B5D249F-E48F-4472-80B1-6DC2D8D12506}"
EndProject
Project("{FAE04EC0-301F-11D3-BF4B-00C04F79EFBC}") = "Ex01_04", "Ex01_04\Ex01_04.csproj", "{81A399D1-9E5D-4C43-9212-1DA428F94901}"
EndProject
Project("{FAE04EC0-301F-11D3-BF4B-00C04F79EFBC}") = "Ex01_05", "Ex01_05\Ex01_05.csproj", "{63C2EE7E-DC0F-4111-A0A1-0C35F858D1DB}"
EndProject
Global
	GlobalSection(SolutionConfigurationPlatforms) = preSolution
		Debug|Any CPU = Debug|Any CPU
		Release|Any CPU = Release|Any CPU
	EndGlobalSection
	GlobalSection(ProjectConfigurationPlatforms) = postSolution
		{6E5FDCB4-A343-40AA-8616-9D9B0BB20B86}.Debug|Any CPU.ActiveCfg = Debug|Any CPU
		{6E5FDCB4-A343-40AA-8616-9D9B0BB20B86}.Debug|Any CPU.Build.0 = Debug|Any CPU
		{6E5FDCB4-A343-40AA-8616-9D9B0BB20B86}.Release|Any CPU.ActiveCfg = Release|Any CPU
		{6E5FDCB4-A343-40AA-8616-9D9B0BB20B86}.Release|Any CPU.Build.0 = Release|Any CPU
		{04A4042C-CB8F-47DC-9C8F-350EEDAAC91E}.Debug|Any CPU.ActiveCfg = Debug|Any CPU
		{04A4042C-CB8F-47DC-9C8F-350EEDAAC91E}.Debug|Any CPU.Build.0 = Debug|Any CPU
		{04A4042C-CB8F-47DC-9C8F-350EEDAAC91E}.Release|Any CPU.ActiveCfg = Release|Any CPU
		{04A4042C-CB8F-47DC-9C8F-350EEDAAC91E}.Release|Any CPU.Build.0 = Release|Any CPU
		{5B5D249F-E48F-4472-80B1-6DC2D8D12506}.Debug|Any CPU.ActiveCfg = Debug|Any CPU
		{5B5D249F-E48F-4472-80B1-6DC2D8D12506}.Debug|Any CPU.Build.0 = Debug|Any CPU
		{5B5D249F-E48F-4472-80B1-6DC2D8D12506}.Release|Any CPU.ActiveCfg = Release|Any CPU
		{5B5D249F-E48F-4472-80B1-6DC2D8D12506}.Release|Any CPU.Build.0 = Release|Any CPU
		{81A399D1-9E5D-4C43-9212-1DA428F94901}.Debug|Any CPU.ActiveCfg = Debug|Any CPU
		{81A399D1-9E5D-4C43-9212-1DA428F94901}.Debug|Any CPU.Build.0 = Debug|Any CPU
		{81A399D1-9E5D-4C43-9212-1DA428F94901}.Release|Any CPU.ActiveCfg = Release|Any CPU
		{81A399D1-9E5D-4C43-9212-1DA428F94901}.Release|Any CPU.Build.0 = Release|Any CPU
		{63C2EE7E-DC0F-4111-A0A1-0C35F858D1DB}.Debug|Any CPU.ActiveCfg = Debug|Any CPU
		{63C2EE7E-DC0F-4111-A0A1-0C35F858D1DB}.Debug|Any CPU.Build.0 = Debug|Any CPU
		{63C2EE7E-DC0F-4111-A0A1-0C35F858D1DB}.Release|Any CPU.ActiveCfg = Release|Any CPU
		{63C2EE7E-DC0F-4111-A0A1-0C35F858D1DB}.Release|Any CPU.Build.0 = Release|Any CPU
	EndGlobalSection
	GlobalSection(SolutionProperties) = preSolution
		HideSolutionNode = FALSE
	EndGlobalSection
EndGlobal
